
Microsoft Visual Studio Solution File, Format Version 12.00
# Visual Studio 15
VisualStudioVersion = 15.0.26124.0
MinimumVisualStudioVersion = 15.0.26124.0
Project("{FAE04EC0-301F-11D3-BF4B-00C04F79EFBC}") = "Boogle", "..\Boogle\Boogle.csproj", "{F3017ABC-A28A-4C0E-91C1-950F5AA8E44F}"
EndProject
Project("{FAE04EC0-301F-11D3-BF4B-00C04F79EFBC}") = "Boogletests", "..\Boogletests\Boogletests.csproj", "{DD279C7E-E892-4BD4-B347-0E15E1D2C7C8}"
EndProject
Global
	GlobalSection(SolutionConfigurationPlatforms) = preSolution
		Debug|Any CPU = Debug|Any CPU
		Debug|x64 = Debug|x64
		Debug|x86 = Debug|x86
		Release|Any CPU = Release|Any CPU
		Release|x64 = Release|x64
		Release|x86 = Release|x86
	EndGlobalSection
	GlobalSection(SolutionProperties) = preSolution
		HideSolutionNode = FALSE
	EndGlobalSection
	GlobalSection(ProjectConfigurationPlatforms) = postSolution
		{F3017ABC-A28A-4C0E-91C1-950F5AA8E44F}.Debug|Any CPU.ActiveCfg = Debug|Any CPU
		{F3017ABC-A28A-4C0E-91C1-950F5AA8E44F}.Debug|Any CPU.Build.0 = Debug|Any CPU
		{F3017ABC-A28A-4C0E-91C1-950F5AA8E44F}.Debug|x64.ActiveCfg = Debug|Any CPU
		{F3017ABC-A28A-4C0E-91C1-950F5AA8E44F}.Debug|x64.Build.0 = Debug|Any CPU
		{F3017ABC-A28A-4C0E-91C1-950F5AA8E44F}.Debug|x86.ActiveCfg = Debug|Any CPU
		{F3017ABC-A28A-4C0E-91C1-950F5AA8E44F}.Debug|x86.Build.0 = Debug|Any CPU
		{F3017ABC-A28A-4C0E-91C1-950F5AA8E44F}.Release|Any CPU.ActiveCfg = Release|Any CPU
		{F3017ABC-A28A-4C0E-91C1-950F5AA8E44F}.Release|Any CPU.Build.0 = Release|Any CPU
		{F3017ABC-A28A-4C0E-91C1-950F5AA8E44F}.Release|x64.ActiveCfg = Release|Any CPU
		{F3017ABC-A28A-4C0E-91C1-950F5AA8E44F}.Release|x64.Build.0 = Release|Any CPU
		{F3017ABC-A28A-4C0E-91C1-950F5AA8E44F}.Release|x86.ActiveCfg = Release|Any CPU
		{F3017ABC-A28A-4C0E-91C1-950F5AA8E44F}.Release|x86.Build.0 = Release|Any CPU
		{DD279C7E-E892-4BD4-B347-0E15E1D2C7C8}.Debug|Any CPU.ActiveCfg = Debug|Any CPU
		{DD279C7E-E892-4BD4-B347-0E15E1D2C7C8}.Debug|Any CPU.Build.0 = Debug|Any CPU
		{DD279C7E-E892-4BD4-B347-0E15E1D2C7C8}.Debug|x64.ActiveCfg = Debug|Any CPU
		{DD279C7E-E892-4BD4-B347-0E15E1D2C7C8}.Debug|x64.Build.0 = Debug|Any CPU
		{DD279C7E-E892-4BD4-B347-0E15E1D2C7C8}.Debug|x86.ActiveCfg = Debug|Any CPU
		{DD279C7E-E892-4BD4-B347-0E15E1D2C7C8}.Debug|x86.Build.0 = Debug|Any CPU
		{DD279C7E-E892-4BD4-B347-0E15E1D2C7C8}.Release|Any CPU.ActiveCfg = Release|Any CPU
		{DD279C7E-E892-4BD4-B347-0E15E1D2C7C8}.Release|Any CPU.Build.0 = Release|Any CPU
		{DD279C7E-E892-4BD4-B347-0E15E1D2C7C8}.Release|x64.ActiveCfg = Release|Any CPU
		{DD279C7E-E892-4BD4-B347-0E15E1D2C7C8}.Release|x64.Build.0 = Release|Any CPU
		{DD279C7E-E892-4BD4-B347-0E15E1D2C7C8}.Release|x86.ActiveCfg = Release|Any CPU
		{DD279C7E-E892-4BD4-B347-0E15E1D2C7C8}.Release|x86.Build.0 = Release|Any CPU
	EndGlobalSection
EndGlobal
